
Microsoft Visual Studio Solution File, Format Version 12.00
# Visual Studio Version 17
VisualStudioVersion = 17.5.002.0
MinimumVisualStudioVersion = 10.0.40219.1
Project("{9A19103F-16F7-4668-BE54-9A1E7A4F7556}") = "Final", "Final\Final.csproj", "{80AD6EE8-6DE9-4379-97B1-F756CFFB3641}"
EndProject
Project("{9A19103F-16F7-4668-BE54-9A1E7A4F7556}") = "Starter", "Starter\Starter.csproj", "{6622083B-91E4-45D0-9D87-EE04D28CADF0}"
EndProject
Global
	GlobalSection(SolutionConfigurationPlatforms) = preSolution
		Debug|Any CPU = Debug|Any CPU
		Release|Any CPU = Release|Any CPU
	EndGlobalSection
	GlobalSection(ProjectConfigurationPlatforms) = postSolution
		{80AD6EE8-6DE9-4379-97B1-F756CFFB3641}.Debug|Any CPU.ActiveCfg = Debug|Any CPU
		{80AD6EE8-6DE9-4379-97B1-F756CFFB3641}.Debug|Any CPU.Build.0 = Debug|Any CPU
		{80AD6EE8-6DE9-4379-97B1-F756CFFB3641}.Release|Any CPU.ActiveCfg = Release|Any CPU
		{80AD6EE8-6DE9-4379-97B1-F756CFFB3641}.Release|Any CPU.Build.0 = Release|Any CPU
		{6622083B-91E4-45D0-9D87-EE04D28CADF0}.Debug|Any CPU.ActiveCfg = Debug|Any CPU
		{6622083B-91E4-45D0-9D87-EE04D28CADF0}.Debug|Any CPU.Build.0 = Debug|Any CPU
		{6622083B-91E4-45D0-9D87-EE04D28CADF0}.Release|Any CPU.ActiveCfg = Release|Any CPU
		{6622083B-91E4-45D0-9D87-EE04D28CADF0}.Release|Any CPU.Build.0 = Release|Any CPU
	EndGlobalSection
	GlobalSection(SolutionProperties) = preSolution
		HideSolutionNode = FALSE
	EndGlobalSection
	GlobalSection(ExtensibilityGlobals) = postSolution
		SolutionGuid = {00E13559-0D26-4B43-8C2E-3D7852918C56}
	EndGlobalSection
EndGlobal
